
Microsoft Visual Studio Solution File, Format Version 12.00
# Visual Studio Version 17
VisualStudioVersion = 17.5.33530.505
MinimumVisualStudioVersion = 10.0.40219.1
Project("{9A19103F-16F7-4668-BE54-9A1E7A4F7556}") = "DomiGest", "DomiGest\DomiGest.csproj", "{0B076DE2-3B50-4E12-8FF6-D00254878F46}"
EndProject
Project("{9A19103F-16F7-4668-BE54-9A1E7A4F7556}") = "Contratos", "Contratos\Contratos.csproj", "{ABA4AB30-8DEF-441C-9DE7-627311EA4C89}"
EndProject
Project("{9A19103F-16F7-4668-BE54-9A1E7A4F7556}") = "Imoveis", "Imoveis\Imoveis.csproj", "{431E6C24-1EFD-43BB-B63A-38FFC5641EB0}"
EndProject
Project("{9A19103F-16F7-4668-BE54-9A1E7A4F7556}") = "Senhorios", "Senhorios\Senhorios.csproj", "{828335AE-4AED-4A66-9423-30A75A2F0414}"
EndProject
Project("{9A19103F-16F7-4668-BE54-9A1E7A4F7556}") = "Documentos", "Decumentos\Documentos.csproj", "{DC38708A-236B-4E83-8709-85226DB7E928}"
EndProject
Project("{9A19103F-16F7-4668-BE54-9A1E7A4F7556}") = "Clientes", "Clientes\Clientes.csproj", "{4FD20EE8-1A3C-4929-AF5E-A904FFB7D6ED}"
EndProject
Project("{9A19103F-16F7-4668-BE54-9A1E7A4F7556}") = "PagamentoEntrada", "PagamentoEntrada\PagamentoEntrada.csproj", "{D3C79049-2135-4D7C-9243-DDE0AB8B206B}"
EndProject
Project("{9A19103F-16F7-4668-BE54-9A1E7A4F7556}") = "TiposImoveis", "TiposImoveis\TiposImoveis.csproj", "{1E1F890B-8B0A-43F0-A0F2-E4AF9102D737}"
EndProject
Project("{9A19103F-16F7-4668-BE54-9A1E7A4F7556}") = "Gestores", "Gestores\Gestores.csproj", "{31E1DC4E-89E4-4CAB-A228-61546319D151}"
EndProject
Project("{9A19103F-16F7-4668-BE54-9A1E7A4F7556}") = "Locais", "Localizaçoes\Locais.csproj", "{3044DEC7-836C-4259-84E7-844744CDE2CB}"
EndProject
Project("{9A19103F-16F7-4668-BE54-9A1E7A4F7556}") = "Despesas", "Despesas\Despesas.csproj", "{D50DE4C7-C3CD-48A0-9311-832C0F742E07}"
EndProject
Project("{9A19103F-16F7-4668-BE54-9A1E7A4F7556}") = "Recibos", "Recibos\Recibos.csproj", "{500FB8D9-53BD-4A1F-8CE1-D5D9ADD08B45}"
EndProject
Project("{9A19103F-16F7-4668-BE54-9A1E7A4F7556}") = "Inquilinos", "Inquilinos\Inquilinos.csproj", "{5CBB41F7-D547-4DC2-A568-193E9659E348}"
EndProject
Project("{9A19103F-16F7-4668-BE54-9A1E7A4F7556}") = "Prestaçoes", "Prestaçoes\Prestaçoes.csproj", "{8A1F31DC-4101-4279-A28D-6564F7BBB790}"
EndProject
Project("{9A19103F-16F7-4668-BE54-9A1E7A4F7556}") = "Serviços", "Serviços\Serviços.csproj", "{F32DE04C-ADBB-45A1-8815-4D551AC49958}"
EndProject
Project("{9A19103F-16F7-4668-BE54-9A1E7A4F7556}") = "Caracterizaçao", "Caracterização\Caracterizaçao.csproj", "{6E2882DE-060F-4FEC-9211-B2C670FBB501}"
EndProject
Global
	GlobalSection(SolutionConfigurationPlatforms) = preSolution
		Debug|Any CPU = Debug|Any CPU
		Debug|ARM = Debug|ARM
		Debug|ARM64 = Debug|ARM64
		Debug|x64 = Debug|x64
		Debug|x86 = Debug|x86
		Release|Any CPU = Release|Any CPU
		Release|ARM = Release|ARM
		Release|ARM64 = Release|ARM64
		Release|x64 = Release|x64
		Release|x86 = Release|x86
	EndGlobalSection
	GlobalSection(ProjectConfigurationPlatforms) = postSolution
		{0B076DE2-3B50-4E12-8FF6-D00254878F46}.Debug|Any CPU.ActiveCfg = Debug|Any CPU
		{0B076DE2-3B50-4E12-8FF6-D00254878F46}.Debug|Any CPU.Build.0 = Debug|Any CPU
		{0B076DE2-3B50-4E12-8FF6-D00254878F46}.Debug|ARM.ActiveCfg = Debug|Any CPU
		{0B076DE2-3B50-4E12-8FF6-D00254878F46}.Debug|ARM.Build.0 = Debug|Any CPU
		{0B076DE2-3B50-4E12-8FF6-D00254878F46}.Debug|ARM64.ActiveCfg = Debug|Any CPU
		{0B076DE2-3B50-4E12-8FF6-D00254878F46}.Debug|ARM64.Build.0 = Debug|Any CPU
		{0B076DE2-3B50-4E12-8FF6-D00254878F46}.Debug|x64.ActiveCfg = Debug|Any CPU
		{0B076DE2-3B50-4E12-8FF6-D00254878F46}.Debug|x64.Build.0 = Debug|Any CPU
		{0B076DE2-3B50-4E12-8FF6-D00254878F46}.Debug|x86.ActiveCfg = Debug|Any CPU
		{0B076DE2-3B50-4E12-8FF6-D00254878F46}.Debug|x86.Build.0 = Debug|Any CPU
		{0B076DE2-3B50-4E12-8FF6-D00254878F46}.Release|Any CPU.ActiveCfg = Release|Any CPU
		{0B076DE2-3B50-4E12-8FF6-D00254878F46}.Release|Any CPU.Build.0 = Release|Any CPU
		{0B076DE2-3B50-4E12-8FF6-D00254878F46}.Release|ARM.ActiveCfg = Release|Any CPU
		{0B076DE2-3B50-4E12-8FF6-D00254878F46}.Release|ARM.Build.0 = Release|Any CPU
		{0B076DE2-3B50-4E12-8FF6-D00254878F46}.Release|ARM64.ActiveCfg = Release|Any CPU
		{0B076DE2-3B50-4E12-8FF6-D00254878F46}.Release|ARM64.Build.0 = Release|Any CPU
		{0B076DE2-3B50-4E12-8FF6-D00254878F46}.Release|x64.ActiveCfg = Release|Any CPU
		{0B076DE2-3B50-4E12-8FF6-D00254878F46}.Release|x64.Build.0 = Release|Any CPU
		{0B076DE2-3B50-4E12-8FF6-D00254878F46}.Release|x86.ActiveCfg = Release|Any CPU
		{0B076DE2-3B50-4E12-8FF6-D00254878F46}.Release|x86.Build.0 = Release|Any CPU
		{ABA4AB30-8DEF-441C-9DE7-627311EA4C89}.Debug|Any CPU.ActiveCfg = Debug|Any CPU
		{ABA4AB30-8DEF-441C-9DE7-627311EA4C89}.Debug|Any CPU.Build.0 = Debug|Any CPU
		{ABA4AB30-8DEF-441C-9DE7-627311EA4C89}.Debug|ARM.ActiveCfg = Debug|Any CPU
		{ABA4AB30-8DEF-441C-9DE7-627311EA4C89}.Debug|ARM.Build.0 = Debug|Any CPU
		{ABA4AB30-8DEF-441C-9DE7-627311EA4C89}.Debug|ARM64.ActiveCfg = Debug|Any CPU
		{ABA4AB30-8DEF-441C-9DE7-627311EA4C89}.Debug|ARM64.Build.0 = Debug|Any CPU
		{ABA4AB30-8DEF-441C-9DE7-627311EA4C89}.Debug|x64.ActiveCfg = Debug|Any CPU
		{ABA4AB30-8DEF-441C-9DE7-627311EA4C89}.Debug|x64.Build.0 = Debug|Any CPU
		{ABA4AB30-8DEF-441C-9DE7-627311EA4C89}.Debug|x86.ActiveCfg = Debug|Any CPU
		{ABA4AB30-8DEF-441C-9DE7-627311EA4C89}.Debug|x86.Build.0 = Debug|Any CPU
		{ABA4AB30-8DEF-441C-9DE7-627311EA4C89}.Release|Any CPU.ActiveCfg = Release|Any CPU
		{ABA4AB30-8DEF-441C-9DE7-627311EA4C89}.Release|Any CPU.Build.0 = Release|Any CPU
		{ABA4AB30-8DEF-441C-9DE7-627311EA4C89}.Release|ARM.ActiveCfg = Release|Any CPU
		{ABA4AB30-8DEF-441C-9DE7-627311EA4C89}.Release|ARM.Build.0 = Release|Any CPU
		{ABA4AB30-8DEF-441C-9DE7-627311EA4C89}.Release|ARM64.ActiveCfg = Release|Any CPU
		{ABA4AB30-8DEF-441C-9DE7-627311EA4C89}.Release|ARM64.Build.0 = Release|Any CPU
		{ABA4AB30-8DEF-441C-9DE7-627311EA4C89}.Release|x64.ActiveCfg = Release|Any CPU
		{ABA4AB30-8DEF-441C-9DE7-627311EA4C89}.Release|x64.Build.0 = Release|Any CPU
		{ABA4AB30-8DEF-441C-9DE7-627311EA4C89}.Release|x86.ActiveCfg = Release|Any CPU
		{ABA4AB30-8DEF-441C-9DE7-627311EA4C89}.Release|x86.Build.0 = Release|Any CPU
		{431E6C24-1EFD-43BB-B63A-38FFC5641EB0}.Debug|Any CPU.ActiveCfg = Debug|Any CPU
		{431E6C24-1EFD-43BB-B63A-38FFC5641EB0}.Debug|Any CPU.Build.0 = Debug|Any CPU
		{431E6C24-1EFD-43BB-B63A-38FFC5641EB0}.Debug|ARM.ActiveCfg = Debug|Any CPU
		{431E6C24-1EFD-43BB-B63A-38FFC5641EB0}.Debug|ARM.Build.0 = Debug|Any CPU
		{431E6C24-1EFD-43BB-B63A-38FFC5641EB0}.Debug|ARM64.ActiveCfg = Debug|Any CPU
		{431E6C24-1EFD-43BB-B63A-38FFC5641EB0}.Debug|ARM64.Build.0 = Debug|Any CPU
		{431E6C24-1EFD-43BB-B63A-38FFC5641EB0}.Debug|x64.ActiveCfg = Debug|Any CPU
		{431E6C24-1EFD-43BB-B63A-38FFC5641EB0}.Debug|x64.Build.0 = Debug|Any CPU
		{431E6C24-1EFD-43BB-B63A-38FFC5641EB0}.Debug|x86.ActiveCfg = Debug|Any CPU
		{431E6C24-1EFD-43BB-B63A-38FFC5641EB0}.Debug|x86.Build.0 = Debug|Any CPU
		{431E6C24-1EFD-43BB-B63A-38FFC5641EB0}.Release|Any CPU.ActiveCfg = Release|Any CPU
		{431E6C24-1EFD-43BB-B63A-38FFC5641EB0}.Release|Any CPU.Build.0 = Release|Any CPU
		{431E6C24-1EFD-43BB-B63A-38FFC5641EB0}.Release|ARM.ActiveCfg = Release|Any CPU
		{431E6C24-1EFD-43BB-B63A-38FFC5641EB0}.Release|ARM.Build.0 = Release|Any CPU
		{431E6C24-1EFD-43BB-B63A-38FFC5641EB0}.Release|ARM64.ActiveCfg = Release|Any CPU
		{431E6C24-1EFD-43BB-B63A-38FFC5641EB0}.Release|ARM64.Build.0 = Release|Any CPU
		{431E6C24-1EFD-43BB-B63A-38FFC5641EB0}.Release|x64.ActiveCfg = Release|Any CPU
		{431E6C24-1EFD-43BB-B63A-38FFC5641EB0}.Release|x64.Build.0 = Release|Any CPU
		{431E6C24-1EFD-43BB-B63A-38FFC5641EB0}.Release|x86.ActiveCfg = Release|Any CPU
		{431E6C24-1EFD-43BB-B63A-38FFC5641EB0}.Release|x86.Build.0 = Release|Any CPU
		{828335AE-4AED-4A66-9423-30A75A2F0414}.Debug|Any CPU.ActiveCfg = Debug|Any CPU
		{828335AE-4AED-4A66-9423-30A75A2F0414}.Debug|Any CPU.Build.0 = Debug|Any CPU
		{828335AE-4AED-4A66-9423-30A75A2F0414}.Debug|ARM.ActiveCfg = Debug|Any CPU
		{828335AE-4AED-4A66-9423-30A75A2F0414}.Debug|ARM.Build.0 = Debug|Any CPU
		{828335AE-4AED-4A66-9423-30A75A2F0414}.Debug|ARM64.ActiveCfg = Debug|Any CPU
		{828335AE-4AED-4A66-9423-30A75A2F0414}.Debug|ARM64.Build.0 = Debug|Any CPU
		{828335AE-4AED-4A66-9423-30A75A2F0414}.Debug|x64.ActiveCfg = Debug|Any CPU
		{828335AE-4AED-4A66-9423-30A75A2F0414}.Debug|x64.Build.0 = Debug|Any CPU
		{828335AE-4AED-4A66-9423-30A75A2F0414}.Debug|x86.ActiveCfg = Debug|Any CPU
		{828335AE-4AED-4A66-9423-30A75A2F0414}.Debug|x86.Build.0 = Debug|Any CPU
		{828335AE-4AED-4A66-9423-30A75A2F0414}.Release|Any CPU.ActiveCfg = Release|Any CPU
		{828335AE-4AED-4A66-9423-30A75A2F0414}.Release|Any CPU.Build.0 = Release|Any CPU
		{828335AE-4AED-4A66-9423-30A75A2F0414}.Release|ARM.ActiveCfg = Release|Any CPU
		{828335AE-4AED-4A66-9423-30A75A2F0414}.Release|ARM.Build.0 = Release|Any CPU
		{828335AE-4AED-4A66-9423-30A75A2F0414}.Release|ARM64.ActiveCfg = Release|Any CPU
		{828335AE-4AED-4A66-9423-30A75A2F0414}.Release|ARM64.Build.0 = Release|Any CPU
		{828335AE-4AED-4A66-9423-30A75A2F0414}.Release|x64.ActiveCfg = Release|Any CPU
		{828335AE-4AED-4A66-9423-30A75A2F0414}.Release|x64.Build.0 = Release|Any CPU
		{828335AE-4AED-4A66-9423-30A75A2F0414}.Release|x86.ActiveCfg = Release|Any CPU
		{828335AE-4AED-4A66-9423-30A75A2F0414}.Release|x86.Build.0 = Release|Any CPU
		{DC38708A-236B-4E83-8709-85226DB7E928}.Debug|Any CPU.ActiveCfg = Debug|Any CPU
		{DC38708A-236B-4E83-8709-85226DB7E928}.Debug|Any CPU.Build.0 = Debug|Any CPU
		{DC38708A-236B-4E83-8709-85226DB7E928}.Debug|ARM.ActiveCfg = Debug|Any CPU
		{DC38708A-236B-4E83-8709-85226DB7E928}.Debug|ARM.Build.0 = Debug|Any CPU
		{DC38708A-236B-4E83-8709-85226DB7E928}.Debug|ARM64.ActiveCfg = Debug|Any CPU
		{DC38708A-236B-4E83-8709-85226DB7E928}.Debug|ARM64.Build.0 = Debug|Any CPU
		{DC38708A-236B-4E83-8709-85226DB7E928}.Debug|x64.ActiveCfg = Debug|Any CPU
		{DC38708A-236B-4E83-8709-85226DB7E928}.Debug|x64.Build.0 = Debug|Any CPU
		{DC38708A-236B-4E83-8709-85226DB7E928}.Debug|x86.ActiveCfg = Debug|Any CPU
		{DC38708A-236B-4E83-8709-85226DB7E928}.Debug|x86.Build.0 = Debug|Any CPU
		{DC38708A-236B-4E83-8709-85226DB7E928}.Release|Any CPU.ActiveCfg = Release|Any CPU
		{DC38708A-236B-4E83-8709-85226DB7E928}.Release|Any CPU.Build.0 = Release|Any CPU
		{DC38708A-236B-4E83-8709-85226DB7E928}.Release|ARM.ActiveCfg = Release|Any CPU
		{DC38708A-236B-4E83-8709-85226DB7E928}.Release|ARM.Build.0 = Release|Any CPU
		{DC38708A-236B-4E83-8709-85226DB7E928}.Release|ARM64.ActiveCfg = Release|Any CPU
		{DC38708A-236B-4E83-8709-85226DB7E928}.Release|ARM64.Build.0 = Release|Any CPU
		{DC38708A-236B-4E83-8709-85226DB7E928}.Release|x64.ActiveCfg = Release|Any CPU
		{DC38708A-236B-4E83-8709-85226DB7E928}.Release|x64.Build.0 = Release|Any CPU
		{DC38708A-236B-4E83-8709-85226DB7E928}.Release|x86.ActiveCfg = Release|Any CPU
		{DC38708A-236B-4E83-8709-85226DB7E928}.Release|x86.Build.0 = Release|Any CPU
		{4FD20EE8-1A3C-4929-AF5E-A904FFB7D6ED}.Debug|Any CPU.ActiveCfg = Debug|Any CPU
		{4FD20EE8-1A3C-4929-AF5E-A904FFB7D6ED}.Debug|Any CPU.Build.0 = Debug|Any CPU
		{4FD20EE8-1A3C-4929-AF5E-A904FFB7D6ED}.Debug|ARM.ActiveCfg = Debug|Any CPU
		{4FD20EE8-1A3C-4929-AF5E-A904FFB7D6ED}.Debug|ARM.Build.0 = Debug|Any CPU
		{4FD20EE8-1A3C-4929-AF5E-A904FFB7D6ED}.Debug|ARM64.ActiveCfg = Debug|Any CPU
		{4FD20EE8-1A3C-4929-AF5E-A904FFB7D6ED}.Debug|ARM64.Build.0 = Debug|Any CPU
		{4FD20EE8-1A3C-4929-AF5E-A904FFB7D6ED}.Debug|x64.ActiveCfg = Debug|Any CPU
		{4FD20EE8-1A3C-4929-AF5E-A904FFB7D6ED}.Debug|x64.Build.0 = Debug|Any CPU
		{4FD20EE8-1A3C-4929-AF5E-A904FFB7D6ED}.Debug|x86.ActiveCfg = Debug|Any CPU
		{4FD20EE8-1A3C-4929-AF5E-A904FFB7D6ED}.Debug|x86.Build.0 = Debug|Any CPU
		{4FD20EE8-1A3C-4929-AF5E-A904FFB7D6ED}.Release|Any CPU.ActiveCfg = Release|Any CPU
		{4FD20EE8-1A3C-4929-AF5E-A904FFB7D6ED}.Release|Any CPU.Build.0 = Release|Any CPU
		{4FD20EE8-1A3C-4929-AF5E-A904FFB7D6ED}.Release|ARM.ActiveCfg = Release|Any CPU
		{4FD20EE8-1A3C-4929-AF5E-A904FFB7D6ED}.Release|ARM.Build.0 = Release|Any CPU
		{4FD20EE8-1A3C-4929-AF5E-A904FFB7D6ED}.Release|ARM64.ActiveCfg = Release|Any CPU
		{4FD20EE8-1A3C-4929-AF5E-A904FFB7D6ED}.Release|ARM64.Build.0 = Release|Any CPU
		{4FD20EE8-1A3C-4929-AF5E-A904FFB7D6ED}.Release|x64.ActiveCfg = Release|Any CPU
		{4FD20EE8-1A3C-4929-AF5E-A904FFB7D6ED}.Release|x64.Build.0 = Release|Any CPU
		{4FD20EE8-1A3C-4929-AF5E-A904FFB7D6ED}.Release|x86.ActiveCfg = Release|Any CPU
		{4FD20EE8-1A3C-4929-AF5E-A904FFB7D6ED}.Release|x86.Build.0 = Release|Any CPU
		{D3C79049-2135-4D7C-9243-DDE0AB8B206B}.Debug|Any CPU.ActiveCfg = Debug|Any CPU
		{D3C79049-2135-4D7C-9243-DDE0AB8B206B}.Debug|Any CPU.Build.0 = Debug|Any CPU
		{D3C79049-2135-4D7C-9243-DDE0AB8B206B}.Debug|ARM.ActiveCfg = Debug|Any CPU
		{D3C79049-2135-4D7C-9243-DDE0AB8B206B}.Debug|ARM.Build.0 = Debug|Any CPU
		{D3C79049-2135-4D7C-9243-DDE0AB8B206B}.Debug|ARM64.ActiveCfg = Debug|Any CPU
		{D3C79049-2135-4D7C-9243-DDE0AB8B206B}.Debug|ARM64.Build.0 = Debug|Any CPU
		{D3C79049-2135-4D7C-9243-DDE0AB8B206B}.Debug|x64.ActiveCfg = Debug|Any CPU
		{D3C79049-2135-4D7C-9243-DDE0AB8B206B}.Debug|x64.Build.0 = Debug|Any CPU
		{D3C79049-2135-4D7C-9243-DDE0AB8B206B}.Debug|x86.ActiveCfg = Debug|Any CPU
		{D3C79049-2135-4D7C-9243-DDE0AB8B206B}.Debug|x86.Build.0 = Debug|Any CPU
		{D3C79049-2135-4D7C-9243-DDE0AB8B206B}.Release|Any CPU.ActiveCfg = Release|Any CPU
		{D3C79049-2135-4D7C-9243-DDE0AB8B206B}.Release|Any CPU.Build.0 = Release|Any CPU
		{D3C79049-2135-4D7C-9243-DDE0AB8B206B}.Release|ARM.ActiveCfg = Release|Any CPU
		{D3C79049-2135-4D7C-9243-DDE0AB8B206B}.Release|ARM.Build.0 = Release|Any CPU
		{D3C79049-2135-4D7C-9243-DDE0AB8B206B}.Release|ARM64.ActiveCfg = Release|Any CPU
		{D3C79049-2135-4D7C-9243-DDE0AB8B206B}.Release|ARM64.Build.0 = Release|Any CPU
		{D3C79049-2135-4D7C-9243-DDE0AB8B206B}.Release|x64.ActiveCfg = Release|Any CPU
		{D3C79049-2135-4D7C-9243-DDE0AB8B206B}.Release|x64.Build.0 = Release|Any CPU
		{D3C79049-2135-4D7C-9243-DDE0AB8B206B}.Release|x86.ActiveCfg = Release|Any CPU
		{D3C79049-2135-4D7C-9243-DDE0AB8B206B}.Release|x86.Build.0 = Release|Any CPU
		{1E1F890B-8B0A-43F0-A0F2-E4AF9102D737}.Debug|Any CPU.ActiveCfg = Debug|Any CPU
		{1E1F890B-8B0A-43F0-A0F2-E4AF9102D737}.Debug|Any CPU.Build.0 = Debug|Any CPU
		{1E1F890B-8B0A-43F0-A0F2-E4AF9102D737}.Debug|ARM.ActiveCfg = Debug|Any CPU
		{1E1F890B-8B0A-43F0-A0F2-E4AF9102D737}.Debug|ARM.Build.0 = Debug|Any CPU
		{1E1F890B-8B0A-43F0-A0F2-E4AF9102D737}.Debug|ARM64.ActiveCfg = Debug|Any CPU
		{1E1F890B-8B0A-43F0-A0F2-E4AF9102D737}.Debug|ARM64.Build.0 = Debug|Any CPU
		{1E1F890B-8B0A-43F0-A0F2-E4AF9102D737}.Debug|x64.ActiveCfg = Debug|Any CPU
		{1E1F890B-8B0A-43F0-A0F2-E4AF9102D737}.Debug|x64.Build.0 = Debug|Any CPU
		{1E1F890B-8B0A-43F0-A0F2-E4AF9102D737}.Debug|x86.ActiveCfg = Debug|Any CPU
		{1E1F890B-8B0A-43F0-A0F2-E4AF9102D737}.Debug|x86.Build.0 = Debug|Any CPU
		{1E1F890B-8B0A-43F0-A0F2-E4AF9102D737}.Release|Any CPU.ActiveCfg = Release|Any CPU
		{1E1F890B-8B0A-43F0-A0F2-E4AF9102D737}.Release|Any CPU.Build.0 = Release|Any CPU
		{1E1F890B-8B0A-43F0-A0F2-E4AF9102D737}.Release|ARM.ActiveCfg = Release|Any CPU
		{1E1F890B-8B0A-43F0-A0F2-E4AF9102D737}.Release|ARM.Build.0 = Release|Any CPU
		{1E1F890B-8B0A-43F0-A0F2-E4AF9102D737}.Release|ARM64.ActiveCfg = Release|Any CPU
		{1E1F890B-8B0A-43F0-A0F2-E4AF9102D737}.Release|ARM64.Build.0 = Release|Any CPU
		{1E1F890B-8B0A-43F0-A0F2-E4AF9102D737}.Release|x64.ActiveCfg = Release|Any CPU
		{1E1F890B-8B0A-43F0-A0F2-E4AF9102D737}.Release|x64.Build.0 = Release|Any CPU
		{1E1F890B-8B0A-43F0-A0F2-E4AF9102D737}.Release|x86.ActiveCfg = Release|Any CPU
		{1E1F890B-8B0A-43F0-A0F2-E4AF9102D737}.Release|x86.Build.0 = Release|Any CPU
		{31E1DC4E-89E4-4CAB-A228-61546319D151}.Debug|Any CPU.ActiveCfg = Debug|Any CPU
		{31E1DC4E-89E4-4CAB-A228-61546319D151}.Debug|Any CPU.Build.0 = Debug|Any CPU
		{31E1DC4E-89E4-4CAB-A228-61546319D151}.Debug|ARM.ActiveCfg = Debug|Any CPU
		{31E1DC4E-89E4-4CAB-A228-61546319D151}.Debug|ARM.Build.0 = Debug|Any CPU
		{31E1DC4E-89E4-4CAB-A228-61546319D151}.Debug|ARM64.ActiveCfg = Debug|Any CPU
		{31E1DC4E-89E4-4CAB-A228-61546319D151}.Debug|ARM64.Build.0 = Debug|Any CPU
		{31E1DC4E-89E4-4CAB-A228-61546319D151}.Debug|x64.ActiveCfg = Debug|Any CPU
		{31E1DC4E-89E4-4CAB-A228-61546319D151}.Debug|x64.Build.0 = Debug|Any CPU
		{31E1DC4E-89E4-4CAB-A228-61546319D151}.Debug|x86.ActiveCfg = Debug|Any CPU
		{31E1DC4E-89E4-4CAB-A228-61546319D151}.Debug|x86.Build.0 = Debug|Any CPU
		{31E1DC4E-89E4-4CAB-A228-61546319D151}.Release|Any CPU.ActiveCfg = Release|Any CPU
		{31E1DC4E-89E4-4CAB-A228-61546319D151}.Release|Any CPU.Build.0 = Release|Any CPU
		{31E1DC4E-89E4-4CAB-A228-61546319D151}.Release|ARM.ActiveCfg = Release|Any CPU
		{31E1DC4E-89E4-4CAB-A228-61546319D151}.Release|ARM.Build.0 = Release|Any CPU
		{31E1DC4E-89E4-4CAB-A228-61546319D151}.Release|ARM64.ActiveCfg = Release|Any CPU
		{31E1DC4E-89E4-4CAB-A228-61546319D151}.Release|ARM64.Build.0 = Release|Any CPU
		{31E1DC4E-89E4-4CAB-A228-61546319D151}.Release|x64.ActiveCfg = Release|Any CPU
		{31E1DC4E-89E4-4CAB-A228-61546319D151}.Release|x64.Build.0 = Release|Any CPU
		{31E1DC4E-89E4-4CAB-A228-61546319D151}.Release|x86.ActiveCfg = Release|Any CPU
		{31E1DC4E-89E4-4CAB-A228-61546319D151}.Release|x86.Build.0 = Release|Any CPU
		{3044DEC7-836C-4259-84E7-844744CDE2CB}.Debug|Any CPU.ActiveCfg = Debug|Any CPU
		{3044DEC7-836C-4259-84E7-844744CDE2CB}.Debug|Any CPU.Build.0 = Debug|Any CPU
		{3044DEC7-836C-4259-84E7-844744CDE2CB}.Debug|ARM.ActiveCfg = Debug|Any CPU
		{3044DEC7-836C-4259-84E7-844744CDE2CB}.Debug|ARM.Build.0 = Debug|Any CPU
		{3044DEC7-836C-4259-84E7-844744CDE2CB}.Debug|ARM64.ActiveCfg = Debug|Any CPU
		{3044DEC7-836C-4259-84E7-844744CDE2CB}.Debug|ARM64.Build.0 = Debug|Any CPU
		{3044DEC7-836C-4259-84E7-844744CDE2CB}.Debug|x64.ActiveCfg = Debug|Any CPU
		{3044DEC7-836C-4259-84E7-844744CDE2CB}.Debug|x64.Build.0 = Debug|Any CPU
		{3044DEC7-836C-4259-84E7-844744CDE2CB}.Debug|x86.ActiveCfg = Debug|Any CPU
		{3044DEC7-836C-4259-84E7-844744CDE2CB}.Debug|x86.Build.0 = Debug|Any CPU
		{3044DEC7-836C-4259-84E7-844744CDE2CB}.Release|Any CPU.ActiveCfg = Release|Any CPU
		{3044DEC7-836C-4259-84E7-844744CDE2CB}.Release|Any CPU.Build.0 = Release|Any CPU
		{3044DEC7-836C-4259-84E7-844744CDE2CB}.Release|ARM.ActiveCfg = Release|Any CPU
		{3044DEC7-836C-4259-84E7-844744CDE2CB}.Release|ARM.Build.0 = Release|Any CPU
		{3044DEC7-836C-4259-84E7-844744CDE2CB}.Release|ARM64.ActiveCfg = Release|Any CPU
		{3044DEC7-836C-4259-84E7-844744CDE2CB}.Release|ARM64.Build.0 = Release|Any CPU
		{3044DEC7-836C-4259-84E7-844744CDE2CB}.Release|x64.ActiveCfg = Release|Any CPU
		{3044DEC7-836C-4259-84E7-844744CDE2CB}.Release|x64.Build.0 = Release|Any CPU
		{3044DEC7-836C-4259-84E7-844744CDE2CB}.Release|x86.ActiveCfg = Release|Any CPU
		{3044DEC7-836C-4259-84E7-844744CDE2CB}.Release|x86.Build.0 = Release|Any CPU
		{D50DE4C7-C3CD-48A0-9311-832C0F742E07}.Debug|Any CPU.ActiveCfg = Debug|Any CPU
		{D50DE4C7-C3CD-48A0-9311-832C0F742E07}.Debug|Any CPU.Build.0 = Debug|Any CPU
		{D50DE4C7-C3CD-48A0-9311-832C0F742E07}.Debug|ARM.ActiveCfg = Debug|Any CPU
		{D50DE4C7-C3CD-48A0-9311-832C0F742E07}.Debug|ARM.Build.0 = Debug|Any CPU
		{D50DE4C7-C3CD-48A0-9311-832C0F742E07}.Debug|ARM64.ActiveCfg = Debug|Any CPU
		{D50DE4C7-C3CD-48A0-9311-832C0F742E07}.Debug|ARM64.Build.0 = Debug|Any CPU
		{D50DE4C7-C3CD-48A0-9311-832C0F742E07}.Debug|x64.ActiveCfg = Debug|Any CPU
		{D50DE4C7-C3CD-48A0-9311-832C0F742E07}.Debug|x64.Build.0 = Debug|Any CPU
		{D50DE4C7-C3CD-48A0-9311-832C0F742E07}.Debug|x86.ActiveCfg = Debug|Any CPU
		{D50DE4C7-C3CD-48A0-9311-832C0F742E07}.Debug|x86.Build.0 = Debug|Any CPU
		{D50DE4C7-C3CD-48A0-9311-832C0F742E07}.Release|Any CPU.ActiveCfg = Release|Any CPU
		{D50DE4C7-C3CD-48A0-9311-832C0F742E07}.Release|Any CPU.Build.0 = Release|Any CPU
		{D50DE4C7-C3CD-48A0-9311-832C0F742E07}.Release|ARM.ActiveCfg = Release|Any CPU
		{D50DE4C7-C3CD-48A0-9311-832C0F742E07}.Release|ARM.Build.0 = Release|Any CPU
		{D50DE4C7-C3CD-48A0-9311-832C0F742E07}.Release|ARM64.ActiveCfg = Release|Any CPU
		{D50DE4C7-C3CD-48A0-9311-832C0F742E07}.Release|ARM64.Build.0 = Release|Any CPU
		{D50DE4C7-C3CD-48A0-9311-832C0F742E07}.Release|x64.ActiveCfg = Release|Any CPU
		{D50DE4C7-C3CD-48A0-9311-832C0F742E07}.Release|x64.Build.0 = Release|Any CPU
		{D50DE4C7-C3CD-48A0-9311-832C0F742E07}.Release|x86.ActiveCfg = Release|Any CPU
		{D50DE4C7-C3CD-48A0-9311-832C0F742E07}.Release|x86.Build.0 = Release|Any CPU
		{500FB8D9-53BD-4A1F-8CE1-D5D9ADD08B45}.Debug|Any CPU.ActiveCfg = Debug|Any CPU
		{500FB8D9-53BD-4A1F-8CE1-D5D9ADD08B45}.Debug|Any CPU.Build.0 = Debug|Any CPU
		{500FB8D9-53BD-4A1F-8CE1-D5D9ADD08B45}.Debug|ARM.ActiveCfg = Debug|Any CPU
		{500FB8D9-53BD-4A1F-8CE1-D5D9ADD08B45}.Debug|ARM.Build.0 = Debug|Any CPU
		{500FB8D9-53BD-4A1F-8CE1-D5D9ADD08B45}.Debug|ARM64.ActiveCfg = Debug|Any CPU
		{500FB8D9-53BD-4A1F-8CE1-D5D9ADD08B45}.Debug|ARM64.Build.0 = Debug|Any CPU
		{500FB8D9-53BD-4A1F-8CE1-D5D9ADD08B45}.Debug|x64.ActiveCfg = Debug|Any CPU
		{500FB8D9-53BD-4A1F-8CE1-D5D9ADD08B45}.Debug|x64.Build.0 = Debug|Any CPU
		{500FB8D9-53BD-4A1F-8CE1-D5D9ADD08B45}.Debug|x86.ActiveCfg = Debug|Any CPU
		{500FB8D9-53BD-4A1F-8CE1-D5D9ADD08B45}.Debug|x86.Build.0 = Debug|Any CPU
		{500FB8D9-53BD-4A1F-8CE1-D5D9ADD08B45}.Release|Any CPU.ActiveCfg = Release|Any CPU
		{500FB8D9-53BD-4A1F-8CE1-D5D9ADD08B45}.Release|Any CPU.Build.0 = Release|Any CPU
		{500FB8D9-53BD-4A1F-8CE1-D5D9ADD08B45}.Release|ARM.ActiveCfg = Release|Any CPU
		{500FB8D9-53BD-4A1F-8CE1-D5D9ADD08B45}.Release|ARM.Build.0 = Release|Any CPU
		{500FB8D9-53BD-4A1F-8CE1-D5D9ADD08B45}.Release|ARM64.ActiveCfg = Release|Any CPU
		{500FB8D9-53BD-4A1F-8CE1-D5D9ADD08B45}.Release|ARM64.Build.0 = Release|Any CPU
		{500FB8D9-53BD-4A1F-8CE1-D5D9ADD08B45}.Release|x64.ActiveCfg = Release|Any CPU
		{500FB8D9-53BD-4A1F-8CE1-D5D9ADD08B45}.Release|x64.Build.0 = Release|Any CPU
		{500FB8D9-53BD-4A1F-8CE1-D5D9ADD08B45}.Release|x86.ActiveCfg = Release|Any CPU
		{500FB8D9-53BD-4A1F-8CE1-D5D9ADD08B45}.Release|x86.Build.0 = Release|Any CPU
		{5CBB41F7-D547-4DC2-A568-193E9659E348}.Debug|Any CPU.ActiveCfg = Debug|Any CPU
		{5CBB41F7-D547-4DC2-A568-193E9659E348}.Debug|Any CPU.Build.0 = Debug|Any CPU
		{5CBB41F7-D547-4DC2-A568-193E9659E348}.Debug|ARM.ActiveCfg = Debug|Any CPU
		{5CBB41F7-D547-4DC2-A568-193E9659E348}.Debug|ARM.Build.0 = Debug|Any CPU
		{5CBB41F7-D547-4DC2-A568-193E9659E348}.Debug|ARM64.ActiveCfg = Debug|Any CPU
		{5CBB41F7-D547-4DC2-A568-193E9659E348}.Debug|ARM64.Build.0 = Debug|Any CPU
		{5CBB41F7-D547-4DC2-A568-193E9659E348}.Debug|x64.ActiveCfg = Debug|Any CPU
		{5CBB41F7-D547-4DC2-A568-193E9659E348}.Debug|x64.Build.0 = Debug|Any CPU
		{5CBB41F7-D547-4DC2-A568-193E9659E348}.Debug|x86.ActiveCfg = Debug|Any CPU
		{5CBB41F7-D547-4DC2-A568-193E9659E348}.Debug|x86.Build.0 = Debug|Any CPU
		{5CBB41F7-D547-4DC2-A568-193E9659E348}.Release|Any CPU.ActiveCfg = Release|Any CPU
		{5CBB41F7-D547-4DC2-A568-193E9659E348}.Release|Any CPU.Build.0 = Release|Any CPU
		{5CBB41F7-D547-4DC2-A568-193E9659E348}.Release|ARM.ActiveCfg = Release|Any CPU
		{5CBB41F7-D547-4DC2-A568-193E9659E348}.Release|ARM.Build.0 = Release|Any CPU
		{5CBB41F7-D547-4DC2-A568-193E9659E348}.Release|ARM64.ActiveCfg = Release|Any CPU
		{5CBB41F7-D547-4DC2-A568-193E9659E348}.Release|ARM64.Build.0 = Release|Any CPU
		{5CBB41F7-D547-4DC2-A568-193E9659E348}.Release|x64.ActiveCfg = Release|Any CPU
		{5CBB41F7-D547-4DC2-A568-193E9659E348}.Release|x64.Build.0 = Release|Any CPU
		{5CBB41F7-D547-4DC2-A568-193E9659E348}.Release|x86.ActiveCfg = Release|Any CPU
		{5CBB41F7-D547-4DC2-A568-193E9659E348}.Release|x86.Build.0 = Release|Any CPU
		{8A1F31DC-4101-4279-A28D-6564F7BBB790}.Debug|Any CPU.ActiveCfg = Debug|Any CPU
		{8A1F31DC-4101-4279-A28D-6564F7BBB790}.Debug|Any CPU.Build.0 = Debug|Any CPU
		{8A1F31DC-4101-4279-A28D-6564F7BBB790}.Debug|ARM.ActiveCfg = Debug|Any CPU
		{8A1F31DC-4101-4279-A28D-6564F7BBB790}.Debug|ARM.Build.0 = Debug|Any CPU
		{8A1F31DC-4101-4279-A28D-6564F7BBB790}.Debug|ARM64.ActiveCfg = Debug|Any CPU
		{8A1F31DC-4101-4279-A28D-6564F7BBB790}.Debug|ARM64.Build.0 = Debug|Any CPU
		{8A1F31DC-4101-4279-A28D-6564F7BBB790}.Debug|x64.ActiveCfg = Debug|Any CPU
		{8A1F31DC-4101-4279-A28D-6564F7BBB790}.Debug|x64.Build.0 = Debug|Any CPU
		{8A1F31DC-4101-4279-A28D-6564F7BBB790}.Debug|x86.ActiveCfg = Debug|Any CPU
		{8A1F31DC-4101-4279-A28D-6564F7BBB790}.Debug|x86.Build.0 = Debug|Any CPU
		{8A1F31DC-4101-4279-A28D-6564F7BBB790}.Release|Any CPU.ActiveCfg = Release|Any CPU
		{8A1F31DC-4101-4279-A28D-6564F7BBB790}.Release|Any CPU.Build.0 = Release|Any CPU
		{8A1F31DC-4101-4279-A28D-6564F7BBB790}.Release|ARM.ActiveCfg = Release|Any CPU
		{8A1F31DC-4101-4279-A28D-6564F7BBB790}.Release|ARM.Build.0 = Release|Any CPU
		{8A1F31DC-4101-4279-A28D-6564F7BBB790}.Release|ARM64.ActiveCfg = Release|Any CPU
		{8A1F31DC-4101-4279-A28D-6564F7BBB790}.Release|ARM64.Build.0 = Release|Any CPU
		{8A1F31DC-4101-4279-A28D-6564F7BBB790}.Release|x64.ActiveCfg = Release|Any CPU
		{8A1F31DC-4101-4279-A28D-6564F7BBB790}.Release|x64.Build.0 = Release|Any CPU
		{8A1F31DC-4101-4279-A28D-6564F7BBB790}.Release|x86.ActiveCfg = Release|Any CPU
		{8A1F31DC-4101-4279-A28D-6564F7BBB790}.Release|x86.Build.0 = Release|Any CPU
		{F32DE04C-ADBB-45A1-8815-4D551AC49958}.Debug|Any CPU.ActiveCfg = Debug|Any CPU
		{F32DE04C-ADBB-45A1-8815-4D551AC49958}.Debug|Any CPU.Build.0 = Debug|Any CPU
		{F32DE04C-ADBB-45A1-8815-4D551AC49958}.Debug|ARM.ActiveCfg = Debug|Any CPU
		{F32DE04C-ADBB-45A1-8815-4D551AC49958}.Debug|ARM.Build.0 = Debug|Any CPU
		{F32DE04C-ADBB-45A1-8815-4D551AC49958}.Debug|ARM64.ActiveCfg = Debug|Any CPU
		{F32DE04C-ADBB-45A1-8815-4D551AC49958}.Debug|ARM64.Build.0 = Debug|Any CPU
		{F32DE04C-ADBB-45A1-8815-4D551AC49958}.Debug|x64.ActiveCfg = Debug|Any CPU
		{F32DE04C-ADBB-45A1-8815-4D551AC49958}.Debug|x64.Build.0 = Debug|Any CPU
		{F32DE04C-ADBB-45A1-8815-4D551AC49958}.Debug|x86.ActiveCfg = Debug|Any CPU
		{F32DE04C-ADBB-45A1-8815-4D551AC49958}.Debug|x86.Build.0 = Debug|Any CPU
		{F32DE04C-ADBB-45A1-8815-4D551AC49958}.Release|Any CPU.ActiveCfg = Release|Any CPU
		{F32DE04C-ADBB-45A1-8815-4D551AC49958}.Release|Any CPU.Build.0 = Release|Any CPU
		{F32DE04C-ADBB-45A1-8815-4D551AC49958}.Release|ARM.ActiveCfg = Release|Any CPU
		{F32DE04C-ADBB-45A1-8815-4D551AC49958}.Release|ARM.Build.0 = Release|Any CPU
		{F32DE04C-ADBB-45A1-8815-4D551AC49958}.Release|ARM64.ActiveCfg = Release|Any CPU
		{F32DE04C-ADBB-45A1-8815-4D551AC49958}.Release|ARM64.Build.0 = Release|Any CPU
		{F32DE04C-ADBB-45A1-8815-4D551AC49958}.Release|x64.ActiveCfg = Release|Any CPU
		{F32DE04C-ADBB-45A1-8815-4D551AC49958}.Release|x64.Build.0 = Release|Any CPU
		{F32DE04C-ADBB-45A1-8815-4D551AC49958}.Release|x86.ActiveCfg = Release|Any CPU
		{F32DE04C-ADBB-45A1-8815-4D551AC49958}.Release|x86.Build.0 = Release|Any CPU
		{6E2882DE-060F-4FEC-9211-B2C670FBB501}.Debug|Any CPU.ActiveCfg = Debug|Any CPU
		{6E2882DE-060F-4FEC-9211-B2C670FBB501}.Debug|Any CPU.Build.0 = Debug|Any CPU
		{6E2882DE-060F-4FEC-9211-B2C670FBB501}.Debug|ARM.ActiveCfg = Debug|Any CPU
		{6E2882DE-060F-4FEC-9211-B2C670FBB501}.Debug|ARM.Build.0 = Debug|Any CPU
		{6E2882DE-060F-4FEC-9211-B2C670FBB501}.Debug|ARM64.ActiveCfg = Debug|Any CPU
		{6E2882DE-060F-4FEC-9211-B2C670FBB501}.Debug|ARM64.Build.0 = Debug|Any CPU
		{6E2882DE-060F-4FEC-9211-B2C670FBB501}.Debug|x64.ActiveCfg = Debug|Any CPU
		{6E2882DE-060F-4FEC-9211-B2C670FBB501}.Debug|x64.Build.0 = Debug|Any CPU
		{6E2882DE-060F-4FEC-9211-B2C670FBB501}.Debug|x86.ActiveCfg = Debug|Any CPU
		{6E2882DE-060F-4FEC-9211-B2C670FBB501}.Debug|x86.Build.0 = Debug|Any CPU
		{6E2882DE-060F-4FEC-9211-B2C670FBB501}.Release|Any CPU.ActiveCfg = Release|Any CPU
		{6E2882DE-060F-4FEC-9211-B2C670FBB501}.Release|Any CPU.Build.0 = Release|Any CPU
		{6E2882DE-060F-4FEC-9211-B2C670FBB501}.Release|ARM.ActiveCfg = Release|Any CPU
		{6E2882DE-060F-4FEC-9211-B2C670FBB501}.Release|ARM.Build.0 = Release|Any CPU
		{6E2882DE-060F-4FEC-9211-B2C670FBB501}.Release|ARM64.ActiveCfg = Release|Any CPU
		{6E2882DE-060F-4FEC-9211-B2C670FBB501}.Release|ARM64.Build.0 = Release|Any CPU
		{6E2882DE-060F-4FEC-9211-B2C670FBB501}.Release|x64.ActiveCfg = Release|Any CPU
		{6E2882DE-060F-4FEC-9211-B2C670FBB501}.Release|x64.Build.0 = Release|Any CPU
		{6E2882DE-060F-4FEC-9211-B2C670FBB501}.Release|x86.ActiveCfg = Release|Any CPU
		{6E2882DE-060F-4FEC-9211-B2C670FBB501}.Release|x86.Build.0 = Release|Any CPU
	EndGlobalSection
	GlobalSection(SolutionProperties) = preSolution
		HideSolutionNode = FALSE
	EndGlobalSection
	GlobalSection(ExtensibilityGlobals) = postSolution
		SolutionGuid = {A4891781-A947-4381-B824-ABAB18DF13B9}
	EndGlobalSection
EndGlobal
